
Microsoft Visual Studio Solution File, Format Version 12.00
# Visual Studio Version 17
VisualStudioVersion = 17.9.34728.123
MinimumVisualStudioVersion = 10.0.40219.1
Project("{9A19103F-16F7-4668-BE54-9A1E7A4F7556}") = "Sistemadeinventariosv6", "Sistemadeinventariosv6\Sistemadeinventariosv6.csproj", "{5AB12513-4824-4051-AC4B-2807D577376F}"
EndProject
Project("{2150E333-8FDC-42A3-9474-1A3956D46DE8}") = "Elementos de la solución", "Elementos de la solución", "{87C41964-5CBB-4F19-9646-715C02D4DF7A}"
EndProject
Global
	GlobalSection(SolutionConfigurationPlatforms) = preSolution
		Debug|Any CPU = Debug|Any CPU
		Release|Any CPU = Release|Any CPU
	EndGlobalSection
	GlobalSection(ProjectConfigurationPlatforms) = postSolution
		{5AB12513-4824-4051-AC4B-2807D577376F}.Debug|Any CPU.ActiveCfg = Debug|Any CPU
		{5AB12513-4824-4051-AC4B-2807D577376F}.Debug|Any CPU.Build.0 = Debug|Any CPU
		{5AB12513-4824-4051-AC4B-2807D577376F}.Release|Any CPU.ActiveCfg = Release|Any CPU
		{5AB12513-4824-4051-AC4B-2807D577376F}.Release|Any CPU.Build.0 = Release|Any CPU
	EndGlobalSection
	GlobalSection(SolutionProperties) = preSolution
		HideSolutionNode = FALSE
	EndGlobalSection
	GlobalSection(ExtensibilityGlobals) = postSolution
		SolutionGuid = {0AF7CC3E-EA1E-44B1-9125-4958040BD153}
	EndGlobalSection
EndGlobal
